{
  "name": "uzin-2024portfolio",
  "version": "1.0.0",
  "lockfileVersion": 3,
  "requires": true,
  "packages": {
    "": {
      "name": "uzin-2024portfolio",
      "version": "1.0.0",
      "license": "ISC",
      "engines": {
        "node": "18.18.2",
        "npm": "9.8.1"
      }
    }
  }
}
